
Microsoft Visual Studio Solution File, Format Version 12.00
# Visual Studio Version 17
VisualStudioVersion = 17.10.34916.146
MinimumVisualStudioVersion = 10.0.40219.1
Project("{FAE04EC0-301F-11D3-BF4B-00C04F79EFBC}") = "WepApi", "WepApi\WepApi.csproj", "{2B08049F-3D24-4045-BE8A-3D2EE95118A7}"
EndProject
Project("{FAE04EC0-301F-11D3-BF4B-00C04F79EFBC}") = "Domain", "Domain\Domain.csproj", "{BA37B3EC-6011-4685-8E7D-B258011ED03D}"
EndProject
Project("{FAE04EC0-301F-11D3-BF4B-00C04F79EFBC}") = "Aplication", "Aplication\Aplication.csproj", "{103088DC-6839-4D25-B800-B60731BCCC7E}"
EndProject
Project("{FAE04EC0-301F-11D3-BF4B-00C04F79EFBC}") = "Infrastructure", "Infrastructure\Infrastructure.csproj", "{1DFA7E00-34C4-46E0-A7EC-59DF7A810E55}"
EndProject
Global
	GlobalSection(SolutionConfigurationPlatforms) = preSolution
		Debug|Any CPU = Debug|Any CPU
		Release|Any CPU = Release|Any CPU
	EndGlobalSection
	GlobalSection(ProjectConfigurationPlatforms) = postSolution
		{2B08049F-3D24-4045-BE8A-3D2EE95118A7}.Debug|Any CPU.ActiveCfg = Debug|Any CPU
		{2B08049F-3D24-4045-BE8A-3D2EE95118A7}.Debug|Any CPU.Build.0 = Debug|Any CPU
		{2B08049F-3D24-4045-BE8A-3D2EE95118A7}.Release|Any CPU.ActiveCfg = Release|Any CPU
		{2B08049F-3D24-4045-BE8A-3D2EE95118A7}.Release|Any CPU.Build.0 = Release|Any CPU
		{BA37B3EC-6011-4685-8E7D-B258011ED03D}.Debug|Any CPU.ActiveCfg = Debug|Any CPU
		{BA37B3EC-6011-4685-8E7D-B258011ED03D}.Debug|Any CPU.Build.0 = Debug|Any CPU
		{BA37B3EC-6011-4685-8E7D-B258011ED03D}.Release|Any CPU.ActiveCfg = Release|Any CPU
		{BA37B3EC-6011-4685-8E7D-B258011ED03D}.Release|Any CPU.Build.0 = Release|Any CPU
		{103088DC-6839-4D25-B800-B60731BCCC7E}.Debug|Any CPU.ActiveCfg = Debug|Any CPU
		{103088DC-6839-4D25-B800-B60731BCCC7E}.Debug|Any CPU.Build.0 = Debug|Any CPU
		{103088DC-6839-4D25-B800-B60731BCCC7E}.Release|Any CPU.ActiveCfg = Release|Any CPU
		{103088DC-6839-4D25-B800-B60731BCCC7E}.Release|Any CPU.Build.0 = Release|Any CPU
		{1DFA7E00-34C4-46E0-A7EC-59DF7A810E55}.Debug|Any CPU.ActiveCfg = Debug|Any CPU
		{1DFA7E00-34C4-46E0-A7EC-59DF7A810E55}.Debug|Any CPU.Build.0 = Debug|Any CPU
		{1DFA7E00-34C4-46E0-A7EC-59DF7A810E55}.Release|Any CPU.ActiveCfg = Release|Any CPU
		{1DFA7E00-34C4-46E0-A7EC-59DF7A810E55}.Release|Any CPU.Build.0 = Release|Any CPU
	EndGlobalSection
	GlobalSection(SolutionProperties) = preSolution
		HideSolutionNode = FALSE
	EndGlobalSection
	GlobalSection(ExtensibilityGlobals) = postSolution
		SolutionGuid = {8CFB36F7-F985-4589-9928-7BD8D68191E4}
	EndGlobalSection
EndGlobal
